
Microsoft Visual Studio Solution File, Format Version 12.00
# Visual Studio Version 17
VisualStudioVersion = 17.8.34330.188
MinimumVisualStudioVersion = 10.0.40219.1
Project("{2150E333-8FDC-42A3-9474-1A3956D46DE8}") = "Apresentacao", "Apresentacao", "{B253EE90-D0B8-47C8-B593-84121E41167F}"
EndProject
Project("{2150E333-8FDC-42A3-9474-1A3956D46DE8}") = "Dominio", "Dominio", "{73B10670-F303-4A5F-9132-05BD8A7510AE}"
EndProject
Project("{2150E333-8FDC-42A3-9474-1A3956D46DE8}") = "Infraestrutura", "Infraestrutura", "{82379DFD-C4A4-4E30-9748-D00A6C6D48F0}"
EndProject
Project("{FAE04EC0-301F-11D3-BF4B-00C04F79EFBC}") = "Executor", "Executor\Executor.csproj", "{D67EBB0C-3D14-4A36-BF8C-644B1DAB672A}"
EndProject
Project("{FAE04EC0-301F-11D3-BF4B-00C04F79EFBC}") = "Dominio", "Dominio\Dominio.csproj", "{933B874A-DD56-4DDA-AE56-458DFB5AA58A}"
EndProject
Project("{FAE04EC0-301F-11D3-BF4B-00C04F79EFBC}") = "Infraestrutura", "Infraestrutura\Infraestrutura.csproj", "{0D4331CC-321E-43D8-85AA-FE13E9B9822A}"
EndProject
Global
	GlobalSection(SolutionConfigurationPlatforms) = preSolution
		Debug|Any CPU = Debug|Any CPU
		Release|Any CPU = Release|Any CPU
	EndGlobalSection
	GlobalSection(ProjectConfigurationPlatforms) = postSolution
		{D67EBB0C-3D14-4A36-BF8C-644B1DAB672A}.Debug|Any CPU.ActiveCfg = Debug|Any CPU
		{D67EBB0C-3D14-4A36-BF8C-644B1DAB672A}.Debug|Any CPU.Build.0 = Debug|Any CPU
		{D67EBB0C-3D14-4A36-BF8C-644B1DAB672A}.Release|Any CPU.ActiveCfg = Release|Any CPU
		{D67EBB0C-3D14-4A36-BF8C-644B1DAB672A}.Release|Any CPU.Build.0 = Release|Any CPU
		{933B874A-DD56-4DDA-AE56-458DFB5AA58A}.Debug|Any CPU.ActiveCfg = Debug|Any CPU
		{933B874A-DD56-4DDA-AE56-458DFB5AA58A}.Debug|Any CPU.Build.0 = Debug|Any CPU
		{933B874A-DD56-4DDA-AE56-458DFB5AA58A}.Release|Any CPU.ActiveCfg = Release|Any CPU
		{933B874A-DD56-4DDA-AE56-458DFB5AA58A}.Release|Any CPU.Build.0 = Release|Any CPU
		{0D4331CC-321E-43D8-85AA-FE13E9B9822A}.Debug|Any CPU.ActiveCfg = Debug|Any CPU
		{0D4331CC-321E-43D8-85AA-FE13E9B9822A}.Debug|Any CPU.Build.0 = Debug|Any CPU
		{0D4331CC-321E-43D8-85AA-FE13E9B9822A}.Release|Any CPU.ActiveCfg = Release|Any CPU
		{0D4331CC-321E-43D8-85AA-FE13E9B9822A}.Release|Any CPU.Build.0 = Release|Any CPU
	EndGlobalSection
	GlobalSection(SolutionProperties) = preSolution
		HideSolutionNode = FALSE
	EndGlobalSection
	GlobalSection(NestedProjects) = preSolution
		{D67EBB0C-3D14-4A36-BF8C-644B1DAB672A} = {B253EE90-D0B8-47C8-B593-84121E41167F}
		{933B874A-DD56-4DDA-AE56-458DFB5AA58A} = {73B10670-F303-4A5F-9132-05BD8A7510AE}
		{0D4331CC-321E-43D8-85AA-FE13E9B9822A} = {82379DFD-C4A4-4E30-9748-D00A6C6D48F0}
	EndGlobalSection
	GlobalSection(ExtensibilityGlobals) = postSolution
		SolutionGuid = {DDBB6502-23D2-4D79-9868-F46BE01CA47C}
	EndGlobalSection
EndGlobal
